// !$*UTF8*$!
{
	archiveVersion = 1;
	classes = {
	};
	objectVersion = 77;
	objects = {

/* Begin PBXContainerItemProxy section */
		60BC1B5C2FDDDC3400519F5A /* PBXContainerItemProxy */ = {
			isa = PBXContainerItemProxy;
			containerPortal = 60BC1B442FDDDC3100519F5A /* Project object */;
			proxyType = 1;
			remoteGlobalIDString = 60BC1B4B2FDDDC3100519F5A;
			remoteInfo = camera;
		};
		60BC1B662FDDDC3400519F5A /* PBXContainerItemProxy */ = {
			isa = PBXContainerItemProxy;
			containerPortal = 60BC1B442FDDDC3100519F5A /* Project object */;
			proxyType = 1;
			remoteGlobalIDString = 60BC1B4B2FDDDC3100519F5A;
			remoteInfo = camera;
		};
/* End PBXContainerItemProxy section */

/* Begin PBXFileReference section */
		60BC1B4C2FDDDC3100519F5A /* camera.app */ = {isa = PBXFileReference; explicitFileType = wrapper.application; includeInIndex = 0; path = camera.app; sourceTree = BUILT_PRODUCTS_DIR; };
		60BC1B5B2FDDDC3400519F5A /* cameraTests.xctest */ = {isa = PBXFileReference; explicitFileType = wrapper.cfbundle; includeInIndex = 0; path = cameraTests.xctest; sourceTree = BUILT_PRODUCTS_DIR; };
		60BC1B652FDDDC3400519F5A /* cameraUITests.xctest */ = {isa = PBXFileReference; explicitFileType = wrapper.cfbundle; includeInIndex = 0; path = cameraUITests.xctest; sourceTree = BUILT_PRODUCTS_DIR; };
/* End PBXFileReference section */

/* Begin PBXFileSystemSynchronizedRootGroup section */
		60BC1B4E2FDDDC3100519F5A /* camera */ = {
			isa = PBXFileSystemSynchronizedRootGroup;
			path = camera;
			sourceTree = "<group>";
		};
		60BC1B5E2FDDDC3400519F5A /* cameraTests */ = {
			isa = PBXFileSystemSynchronizedRootGroup;
			path = cameraTests;
			sourceTree = "<group>";
		};
		60BC1B682FDDDC3400519F5A /* cameraUITests */ = {
			isa = PBXFileSystemSynchronizedRootGroup;
			path = cameraUITests;
			sourceTree = "<group>";
		};
/* End PBXFileSystemSynchronizedRootGroup section */

/* Begin PBXFrameworksBuildPhase section */
		60BC1B492FDDDC3100519F5A /* Frameworks */ = {
			isa = PBXFrameworksBuildPhase;
			buildActionMask = 2147483647;
			files = (
			);
			runOnlyForDeploymentPostprocessing = 0;
		};
		60BC1B582FDDDC3400519F5A /* Frameworks */ = {
			isa = PBXFrameworksBuildPhase;
			buildActionMask = 2147483647;
			files = (
			);
			runOnlyForDeploymentPostprocessing = 0;
		};
		60BC1B622FDDDC3400519F5A /* Frameworks */ = {
			isa = PBXFrameworksBuildPhase;
			buildActionMask = 2147483647;
			files = (
			);
			runOnlyForDeploymentPostprocessing = 0;
		};
/* End PBXFrameworksBuildPhase section */

/* Begin PBXGroup section */
		60BC1B432FDDDC3100519F5A = {
			isa = PBXGroup;
			children = (
				60BC1B4E2FDDDC3100519F5A /* camera */,
				60BC1B5E2FDDDC3400519F5A /* cameraTests */,
				60BC1B682FDDDC3400519F5A /* cameraUITests */,
				60BC1B4D2FDDDC3100519F5A /* Products */,
			);
			sourceTree = "<group>";
		};
		60BC1B4D2FDDDC3100519F5A /* Products */ = {
			isa = PBXGroup;
			children = (
				60BC1B4C2FDDDC3100519F5A /* camera.app */,
				60BC1B5B2FDDDC3400519F5A /* cameraTests.xctest */,
				60BC1B652FDDDC3400519F5A /* cameraUITests.xctest */,
			);
			name = Products;
			sourceTree = "<group>";
		};
/* End PBXGroup section */

/* Begin PBXNativeTarget section */
		60BC1B4B2FDDDC3100519F5A /* camera */ = {
			isa = PBXNativeTarget;
			buildConfigurationList = 60BC1B6F2FDDDC3400519F5A /* Build configuration list for PBXNativeTarget "camera" */;
			buildPhases = (
				60BC1B482FDDDC3100519F5A /* Sources */,
				60BC1B492FDDDC3100519F5A /* Frameworks */,
				60BC1B4A2FDDDC3100519F5A /* Resources */,
			);
			buildRules = (
			);
			dependencies = (
			);
			fileSystemSynchronizedGroups = (
				60BC1B4E2FDDDC3100519F5A /* camera */,
			);
			name = camera;
			packageProductDependencies = (
			);
			productName = camera;
			productReference = 60BC1B4C2FDDDC3100519F5A /* camera.app */;
			productType = "com.apple.product-type.application";
		};
		60BC1B5A2FDDDC3400519F5A /* cameraTests */ = {
			isa = PBXNativeTarget;
			buildConfigurationList = 60BC1B722FDDDC3400519F5A /* Build configuration list for PBXNativeTarget "cameraTests" */;
			buildPhases = (
				60BC1B572FDDDC3400519F5A /* Sources */,
				60BC1B582FDDDC3400519F5A /* Frameworks */,
				60BC1B592FDDDC3400519F5A /* Resources */,
			);
			buildRules = (
			);
			dependencies = (
				60BC1B5D2FDDDC3400519F5A /* PBXTargetDependency */,
			);
			fileSystemSynchronizedGroups = (
				60BC1B5E2FDDDC3400519F5A /* cameraTests */,
			);
			name = cameraTests;
			packageProductDependencies = (
			);
			productName = cameraTests;
			productReference = 60BC1B5B2FDDDC3400519F5A /* cameraTests.xctest */;
			productType = "com.apple.product-type.bundle.unit-test";
		};
		60BC1B642FDDDC3400519F5A /* cameraUITests */ = {
			isa = PBXNativeTarget;
			buildConfigurationList = 60BC1B752FDDDC3400519F5A /* Build configuration list for PBXNativeTarget "cameraUITests" */;
			buildPhases = (
				60BC1B612FDDDC3400519F5A /* Sources */,
				60BC1B622FDDDC3400519F5A /* Frameworks */,
				60BC1B632FDDDC3400519F5A /* Resources */,
			);
			buildRules = (
			);
			dependencies = (
				60BC1B672FDDDC3400519F5A /* PBXTargetDependency */,
			);
			fileSystemSynchronizedGroups = (
				60BC1B682FDDDC3400519F5A /* cameraUITests */,
			);
			name = cameraUITests;
			packageProductDependencies = (
			);
			productName = cameraUITests;
			productReference = 60BC1B652FDDDC3400519F5A /* cameraUITests.xctest */;
			productType = "com.apple.product-type.bundle.ui-testing";
		};
/* End PBXNativeTarget section */

/* Begin PBXProject section */
		60BC1B442FDDDC3100519F5A /* Project object */ = {
			isa = PBXProject;
			attributes = {
				BuildIndependentTargetsInParallel = 1;
				LastSwiftUpdateCheck = 2650;
				LastUpgradeCheck = 2650;
				TargetAttributes = {
					60BC1B4B2FDDDC3100519F5A = {
						CreatedOnToolsVersion = 26.5;
					};
					60BC1B5A2FDDDC3400519F5A = {
						CreatedOnToolsVersion = 26.5;
						TestTargetID = 60BC1B4B2FDDDC3100519F5A;
					};
					60BC1B642FDDDC3400519F5A = {
						CreatedOnToolsVersion = 26.5;
						TestTargetID = 60BC1B4B2FDDDC3100519F5A;
					};
				};
			};
			buildConfigurationList = 60BC1B472FDDDC3100519F5A /* Build configuration list for PBXProject "camera" */;
			developmentRegion = en;
			hasScannedForEncodings = 0;
			knownRegions = (
				en,
				Base,
			);
			mainGroup = 60BC1B432FDDDC3100519F5A;
			minimizedProjectReferenceProxies = 1;
			preferredProjectObjectVersion = 77;
			productRefGroup = 60BC1B4D2FDDDC3100519F5A /* Products */;
			projectDirPath = "";
			projectRoot = "";
			targets = (
				60BC1B4B2FDDDC3100519F5A /* camera */,
				60BC1B5A2FDDDC3400519F5A /* cameraTests */,
				60BC1B642FDDDC3400519F5A /* cameraUITests */,
			);
		};
/* End PBXProject section */

/* Begin PBXResourcesBuildPhase section */
		60BC1B4A2FDDDC3100519F5A /* Resources */ = {
			isa = PBXResourcesBuildPhase;
			buildActionMask = 2147483647;
			files = (
			);
			runOnlyForDeploymentPostprocessing = 0;
		};
		60BC1B592FDDDC3400519F5A /* Resources */ = {
			isa = PBXResourcesBuildPhase;
			buildActionMask = 2147483647;
			files = (
			);
			runOnlyForDeploymentPostprocessing = 0;
		};
		60BC1B632FDDDC3400519F5A /* Resources */ = {
			isa = PBXResourcesBuildPhase;
			buildActionMask = 2147483647;
			files = (
			);
			runOnlyForDeploymentPostprocessing = 0;
		};
/* End PBXResourcesBuildPhase section */

/* Begin PBXSourcesBuildPhase section */
		60BC1B482FDDDC3100519F5A /* Sources */ = {
			isa = PBXSourcesBuildPhase;
			buildActionMask = 2147483647;
			files = (
			);
			runOnlyForDeploymentPostprocessing = 0;
		};
		60BC1B572FDDDC3400519F5A /* Sources */ = {
			isa = PBXSourcesBuildPhase;
			buildActionMask = 2147483647;
			files = (
			);
			runOnlyForDeploymentPostprocessing = 0;
		};
		60BC1B612FDDDC3400519F5A /* Sources */ = {
			isa = PBXSourcesBuildPhase;
			buildActionMask = 2147483647;
			files = (
			);
			runOnlyForDeploymentPostprocessing = 0;
		};
/* End PBXSourcesBuildPhase section */

/* Begin PBXTargetDependency section */
		60BC1B5D2FDDDC3400519F5A /* PBXTargetDependency */ = {
			isa = PBXTargetDependency;
			target = 60BC1B4B2FDDDC3100519F5A /* camera */;
			targetProxy = 60BC1B5C2FDDDC3400519F5A /* PBXContainerItemProxy */;
		};
		60BC1B672FDDDC3400519F5A /* PBXTargetDependency */ = {
			isa = PBXTargetDependency;
			target = 60BC1B4B2FDDDC3100519F5A /* camera */;
			targetProxy = 60BC1B662FDDDC3400519F5A /* PBXContainerItemProxy */;
		};
/* End PBXTargetDependency section */

/* Begin XCBuildConfiguration section */
		60BC1B6D2FDDDC3400519F5A /* Debug */ = {
			isa = XCBuildConfiguration;
			buildSettings = {
				ALWAYS_SEARCH_USER_PATHS = NO;
				ASSETCATALOG_COMPILER_GENERATE_SWIFT_ASSET_SYMBOL_EXTENSIONS = YES;
				CLANG_ANALYZER_NONNULL = YES;
				CLANG_ANALYZER_NUMBER_OBJECT_CONVERSION = YES_AGGRESSIVE;
				CLANG_CXX_LANGUAGE_STANDARD = "gnu++20";
				CLANG_ENABLE_MODULES = YES;
				CLANG_ENABLE_OBJC_ARC = YES;
				CLANG_ENABLE_OBJC_WEAK = YES;
				CLANG_WARN_BLOCK_CAPTURE_AUTORELEASING = YES;
				CLANG_WARN_BOOL_CONVERSION = YES;
				CLANG_WARN_COMMA = YES;
				CLANG_WARN_CONSTANT_CONVERSION = YES;
				CLANG_WARN_DEPRECATED_OBJC_IMPLEMENTATIONS = YES;
				CLANG_WARN_DIRECT_OBJC_ISA_USAGE = YES_ERROR;
				CLANG_WARN_DOCUMENTATION_COMMENTS = YES;
				CLANG_WARN_EMPTY_BODY = YES;
				CLANG_WARN_ENUM_CONVERSION = YES;
				CLANG_WARN_INFINITE_RECURSION = YES;
				CLANG_WARN_INT_CONVERSION = YES;
				CLANG_WARN_NON_LITERAL_NULL_CONVERSION = YES;
				CLANG_WARN_OBJC_IMPLICIT_RETAIN_SELF = YES;
				CLANG_WARN_OBJC_LITERAL_CONVERSION = YES;
				CLANG_WARN_OBJC_ROOT_CLASS = YES_ERROR;
				CLANG_WARN_QUOTED_INCLUDE_IN_FRAMEWORK_HEADER = YES;
				CLANG_WARN_RANGE_LOOP_ANALYSIS = YES;
				CLANG_WARN_STRICT_PROTOTYPES = YES;
				CLANG_WARN_SUSPICIOUS_MOVE = YES;
				CLANG_WARN_UNGUARDED_AVAILABILITY = YES_AGGRESSIVE;
				CLANG_WARN_UNREACHABLE_CODE = YES;
				CLANG_WARN__DUPLICATE_METHOD_MATCH = YES;
				COPY_PHASE_STRIP = NO;
				DEBUG_INFORMATION_FORMAT = dwarf;
				DEVELOPMENT_TEAM = 89GVWABY75;
				ENABLE_STRICT_OBJC_MSGSEND = YES;
				ENABLE_TESTABILITY = YES;
				ENABLE_USER_SCRIPT_SANDBOXING = NO;
				GCC_C_LANGUAGE_STANDARD = gnu17;
				GCC_DYNAMIC_NO_PIC = NO;
				GCC_NO_COMMON_BLOCKS = YES;
				GCC_OPTIMIZATION_LEVEL = 0;
				GCC_PREPROCESSOR_DEFINITIONS = (
					"DEBUG=1",
					"$(inherited)",
				);
				GCC_WARN_64_TO_32_BIT_CONVERSION = YES;
				GCC_WARN_ABOUT_RETURN_TYPE = YES_ERROR;
				GCC_WARN_UNDECLARED_SELECTOR = YES;
				GCC_WARN_UNINITIALIZED_AUTOS = YES_AGGRESSIVE;
				GCC_WARN_UNUSED_FUNCTION = YES;
				GCC_WARN_UNUSED_VARIABLE = YES;
				IPHONEOS_DEPLOYMENT_TARGET = 18.0;
				LOCALIZATION_PREFERS_STRING_CATALOGS = YES;
				MTL_ENABLE_DEBUG_INFO = INCLUDE_SOURCE;
				MTL_FAST_MATH = YES;
				ONLY_ACTIVE_ARCH = YES;
				SDKROOT = iphoneos;
				SWIFT_ACTIVE_COMPILATION_CONDITIONS = "DEBUG $(inherited)";
				SWIFT_OPTIMIZATION_LEVEL = "-Onone";
			};
			name = Debug;
		};
		60BC1B6E2FDDDC3400519F5A /* Release */ = {
			isa = XCBuildConfiguration;
			buildSettings = {
				ALWAYS_SEARCH_USER_PATHS = NO;
				ASSETCATALOG_COMPILER_GENERATE_SWIFT_ASSET_SYMBOL_EXTENSIONS = YES;
				CLANG_ANALYZER_NONNULL = YES;
				CLANG_ANALYZER_NUMBER_OBJECT_CONVERSION = YES_AGGRESSIVE;
				CLANG_CXX_LANGUAGE_STANDARD = "gnu++20";
				CLANG_ENABLE_MODULES = YES;
				CLANG_ENABLE_OBJC_ARC = YES;
				CLANG_ENABLE_OBJC_WEAK = YES;
				CLANG_WARN_BLOCK_CAPTURE_AUTORELEASING = YES;
				CLANG_WARN_BOOL_CONVERSION = YES;
				CLANG_WARN_COMMA = YES;
				CLANG_WARN_CONSTANT_CONVERSION = YES;
				CLANG_WARN_DEPRECATED_OBJC_IMPLEMENTATIONS = YES;
				CLANG_WARN_DIRECT_OBJC_ISA_USAGE = YES_ERROR;
				CLANG_WARN_DOCUMENTATION_COMMENTS = YES;
				CLANG_WARN_EMPTY_BODY = YES;
				CLANG_WARN_ENUM_CONVERSION = YES;
				CLANG_WARN_INFINITE_RECURSION = YES;
				CLANG_WARN_INT_CONVERSION = YES;
				CLANG_WARN_NON_LITERAL_NULL_CONVERSION = YES;
				CLANG_WARN_OBJC_IMPLICIT_RETAIN_SELF = YES;
				CLANG_WARN_OBJC_LITERAL_CONVERSION = YES;
				CLANG_WARN_OBJC_ROOT_CLASS = YES_ERROR;
				CLANG_WARN_QUOTED_INCLUDE_IN_FRAMEWORK_HEADER = YES;
				CLANG_WARN_RANGE_LOOP_ANALYSIS = YES;
				CLANG_WARN_STRICT_PROTOTYPES = YES;
				CLANG_WARN_SUSPICIOUS_MOVE = YES;
				CLANG_WARN_UNGUARDED_AVAILABILITY = YES_AGGRESSIVE;
				CLANG_WARN_UNREACHABLE_CODE = YES;
				CLANG_WARN__DUPLICATE_METHOD_MATCH = YES;
				COPY_PHASE_STRIP = NO;
				DEBUG_INFORMATION_FORMAT = "dwarf-with-dsym";
				DEVELOPMENT_TEAM = 89GVWABY75;
				ENABLE_NS_ASSERTIONS = NO;
				ENABLE_STRICT_OBJC_MSGSEND = YES;
				ENABLE_USER_SCRIPT_SANDBOXING = NO;
				GCC_C_LANGUAGE_STANDARD = gnu17;
				GCC_NO_COMMON_BLOCKS = YES;
				GCC_WARN_64_TO_32_BIT_CONVERSION = YES;
				GCC_WARN_ABOUT_RETURN_TYPE = YES_ERROR;
				GCC_WARN_UNDECLARED_SELECTOR = YES;
				GCC_WARN_UNINITIALIZED_AUTOS = YES_AGGRESSIVE;
				GCC_WARN_UNUSED_FUNCTION = YES;
				GCC_WARN_UNUSED_VARIABLE = YES;
				IPHONEOS_DEPLOYMENT_TARGET = 18.0;
				LOCALIZATION_PREFERS_STRING_CATALOGS = YES;
				MTL_ENABLE_DEBUG_INFO = NO;
				MTL_FAST_MATH = YES;
				SDKROOT = iphoneos;
				SWIFT_COMPILATION_MODE = wholemodule;
				VALIDATE_PRODUCT = YES;
			};
			name = Release;
		};
		60BC1B702FDDDC3400519F5A /* Debug */ = {
			isa = XCBuildConfiguration;
			buildSettings = {
				ASSETCATALOG_COMPILER_APPICON_NAME = AppIcon;
				ASSETCATALOG_COMPILER_GLOBAL_ACCENT_COLOR_NAME = AccentColor;
				CODE_SIGN_STYLE = Automatic;
				CURRENT_PROJECT_VERSION = 1;
				DEVELOPMENT_TEAM = 89GVWABY75;
				ENABLE_PREVIEWS = YES;
				GENERATE_INFOPLIST_FILE = YES;
				INFOPLIST_KEY_UIApplicationSceneManifest_Generation = YES;
				INFOPLIST_KEY_UIApplicationSupportsIndirectInputEvents = YES;
				INFOPLIST_KEY_UILaunchScreen_Generation = YES;
				INFOPLIST_KEY_NSCameraUsageDescription = "Camera App needs camera access for professional capture controls.";
				INFOPLIST_KEY_NSPhotoLibraryAddUsageDescription = "Camera App saves captured and edited photos to your library.";
				INFOPLIST_KEY_NSPhotoLibraryUsageDescription = "Camera App reads your library for editing and gallery workflows.";
				INFOPLIST_KEY_UISupportedInterfaceOrientations_iPad = "UIInterfaceOrientationPortrait UIInterfaceOrientationPortraitUpsideDown UIInterfaceOrientationLandscapeLeft UIInterfaceOrientationLandscapeRight";
				INFOPLIST_KEY_UISupportedInterfaceOrientations_iPhone = "UIInterfaceOrientationPortrait UIInterfaceOrientationLandscapeLeft UIInterfaceOrientationLandscapeRight";
				LD_RUNPATH_SEARCH_PATHS = (
					"$(inherited)",
					"@executable_path/Frameworks",
				);
				MARKETING_VERSION = 1.0;
				PRODUCT_BUNDLE_IDENTIFIER = Supratim.camera;
				PRODUCT_NAME = "$(TARGET_NAME)";
				STRING_CATALOG_GENERATE_SYMBOLS = YES;
				SWIFT_APPROACHABLE_CONCURRENCY = YES;
				SWIFT_EMIT_LOC_STRINGS = YES;
				SWIFT_UPCOMING_FEATURE_MEMBER_IMPORT_VISIBILITY = YES;
				SWIFT_VERSION = 6.0;
				TARGETED_DEVICE_FAMILY = "1,2";
			};
			name = Debug;
		};
		60BC1B712FDDDC3400519F5A /* Release */ = {
			isa = XCBuildConfiguration;
			buildSettings = {
				ASSETCATALOG_COMPILER_APPICON_NAME = AppIcon;
				ASSETCATALOG_COMPILER_GLOBAL_ACCENT_COLOR_NAME = AccentColor;
				CODE_SIGN_STYLE = Automatic;
				CURRENT_PROJECT_VERSION = 1;
				DEVELOPMENT_TEAM = 89GVWABY75;
				ENABLE_PREVIEWS = YES;
				GENERATE_INFOPLIST_FILE = YES;
				INFOPLIST_KEY_UIApplicationSceneManifest_Generation = YES;
				INFOPLIST_KEY_UIApplicationSupportsIndirectInputEvents = YES;
				INFOPLIST_KEY_UILaunchScreen_Generation = YES;
				INFOPLIST_KEY_NSCameraUsageDescription = "Camera App needs camera access for professional capture controls.";
				INFOPLIST_KEY_NSPhotoLibraryAddUsageDescription = "Camera App saves captured and edited photos to your library.";
				INFOPLIST_KEY_NSPhotoLibraryUsageDescription = "Camera App reads your library for editing and gallery workflows.";
				INFOPLIST_KEY_UISupportedInterfaceOrientations_iPad = "UIInterfaceOrientationPortrait UIInterfaceOrientationPortraitUpsideDown UIInterfaceOrientationLandscapeLeft UIInterfaceOrientationLandscapeRight";
				INFOPLIST_KEY_UISupportedInterfaceOrientations_iPhone = "UIInterfaceOrientationPortrait UIInterfaceOrientationLandscapeLeft UIInterfaceOrientationLandscapeRight";
				LD_RUNPATH_SEARCH_PATHS = (
					"$(inherited)",
					"@executable_path/Frameworks",
				);
				MARKETING_VERSION = 1.0;
				PRODUCT_BUNDLE_IDENTIFIER = Supratim.camera;
				PRODUCT_NAME = "$(TARGET_NAME)";
				STRING_CATALOG_GENERATE_SYMBOLS = YES;
				SWIFT_APPROACHABLE_CONCURRENCY = YES;
				SWIFT_EMIT_LOC_STRINGS = YES;
				SWIFT_UPCOMING_FEATURE_MEMBER_IMPORT_VISIBILITY = YES;
				SWIFT_VERSION = 6.0;
				TARGETED_DEVICE_FAMILY = "1,2";
			};
			name = Release;
		};
		60BC1B732FDDDC3400519F5A /* Debug */ = {
			isa = XCBuildConfiguration;
			buildSettings = {
				BUNDLE_LOADER = "$(TEST_HOST)";
				CODE_SIGN_STYLE = Automatic;
				CURRENT_PROJECT_VERSION = 1;
				DEVELOPMENT_TEAM = 89GVWABY75;
				GENERATE_INFOPLIST_FILE = YES;
				IPHONEOS_DEPLOYMENT_TARGET = 18.0;
				MARKETING_VERSION = 1.0;
				PRODUCT_BUNDLE_IDENTIFIER = Supratim.cameraTests;
				PRODUCT_NAME = "$(TARGET_NAME)";
				STRING_CATALOG_GENERATE_SYMBOLS = NO;
				SWIFT_APPROACHABLE_CONCURRENCY = YES;
				SWIFT_EMIT_LOC_STRINGS = NO;
				SWIFT_UPCOMING_FEATURE_MEMBER_IMPORT_VISIBILITY = YES;
				SWIFT_VERSION = 6.0;
				TARGETED_DEVICE_FAMILY = "1,2";
				TEST_HOST = "$(BUILT_PRODUCTS_DIR)/camera.app/$(BUNDLE_EXECUTABLE_FOLDER_PATH)/camera";
			};
			name = Debug;
		};
		60BC1B742FDDDC3400519F5A /* Release */ = {
			isa = XCBuildConfiguration;
			buildSettings = {
				BUNDLE_LOADER = "$(TEST_HOST)";
				CODE_SIGN_STYLE = Automatic;
				CURRENT_PROJECT_VERSION = 1;
				DEVELOPMENT_TEAM = 89GVWABY75;
				GENERATE_INFOPLIST_FILE = YES;
				IPHONEOS_DEPLOYMENT_TARGET = 18.0;
				MARKETING_VERSION = 1.0;
				PRODUCT_BUNDLE_IDENTIFIER = Supratim.cameraTests;
				PRODUCT_NAME = "$(TARGET_NAME)";
				STRING_CATALOG_GENERATE_SYMBOLS = NO;
				SWIFT_APPROACHABLE_CONCURRENCY = YES;
				SWIFT_EMIT_LOC_STRINGS = NO;
				SWIFT_UPCOMING_FEATURE_MEMBER_IMPORT_VISIBILITY = YES;
				SWIFT_VERSION = 6.0;
				TARGETED_DEVICE_FAMILY = "1,2";
				TEST_HOST = "$(BUILT_PRODUCTS_DIR)/camera.app/$(BUNDLE_EXECUTABLE_FOLDER_PATH)/camera";
			};
			name = Release;
		};
		60BC1B762FDDDC3400519F5A /* Debug */ = {
			isa = XCBuildConfiguration;
			buildSettings = {
				CODE_SIGN_STYLE = Automatic;
				CURRENT_PROJECT_VERSION = 1;
				DEVELOPMENT_TEAM = 89GVWABY75;
				GENERATE_INFOPLIST_FILE = YES;
				MARKETING_VERSION = 1.0;
				PRODUCT_BUNDLE_IDENTIFIER = Supratim.cameraUITests;
				PRODUCT_NAME = "$(TARGET_NAME)";
				STRING_CATALOG_GENERATE_SYMBOLS = NO;
				SWIFT_APPROACHABLE_CONCURRENCY = YES;
				SWIFT_EMIT_LOC_STRINGS = NO;
				SWIFT_UPCOMING_FEATURE_MEMBER_IMPORT_VISIBILITY = YES;
				SWIFT_VERSION = 6.0;
				TARGETED_DEVICE_FAMILY = "1,2";
				TEST_TARGET_NAME = camera;
			};
			name = Debug;
		};
		60BC1B772FDDDC3400519F5A /* Release */ = {
			isa = XCBuildConfiguration;
			buildSettings = {
				CODE_SIGN_STYLE = Automatic;
				CURRENT_PROJECT_VERSION = 1;
				DEVELOPMENT_TEAM = 89GVWABY75;
				GENERATE_INFOPLIST_FILE = YES;
				MARKETING_VERSION = 1.0;
				PRODUCT_BUNDLE_IDENTIFIER = Supratim.cameraUITests;
				PRODUCT_NAME = "$(TARGET_NAME)";
				STRING_CATALOG_GENERATE_SYMBOLS = NO;
				SWIFT_APPROACHABLE_CONCURRENCY = YES;
				SWIFT_EMIT_LOC_STRINGS = NO;
				SWIFT_UPCOMING_FEATURE_MEMBER_IMPORT_VISIBILITY = YES;
				SWIFT_VERSION = 6.0;
				TARGETED_DEVICE_FAMILY = "1,2";
				TEST_TARGET_NAME = camera;
			};
			name = Release;
		};
/* End XCBuildConfiguration section */

/* Begin XCConfigurationList section */
		60BC1B472FDDDC3100519F5A /* Build configuration list for PBXProject "camera" */ = {
			isa = XCConfigurationList;
			buildConfigurations = (
				60BC1B6D2FDDDC3400519F5A /* Debug */,
				60BC1B6E2FDDDC3400519F5A /* Release */,
			);
			defaultConfigurationIsVisible = 0;
			defaultConfigurationName = Release;
		};
		60BC1B6F2FDDDC3400519F5A /* Build configuration list for PBXNativeTarget "camera" */ = {
			isa = XCConfigurationList;
			buildConfigurations = (
				60BC1B702FDDDC3400519F5A /* Debug */,
				60BC1B712FDDDC3400519F5A /* Release */,
			);
			defaultConfigurationIsVisible = 0;
			defaultConfigurationName = Release;
		};
		60BC1B722FDDDC3400519F5A /* Build configuration list for PBXNativeTarget "cameraTests" */ = {
			isa = XCConfigurationList;
			buildConfigurations = (
				60BC1B732FDDDC3400519F5A /* Debug */,
				60BC1B742FDDDC3400519F5A /* Release */,
			);
			defaultConfigurationIsVisible = 0;
			defaultConfigurationName = Release;
		};
		60BC1B752FDDDC3400519F5A /* Build configuration list for PBXNativeTarget "cameraUITests" */ = {
			isa = XCConfigurationList;
			buildConfigurations = (
				60BC1B762FDDDC3400519F5A /* Debug */,
				60BC1B772FDDDC3400519F5A /* Release */,
			);
			defaultConfigurationIsVisible = 0;
			defaultConfigurationName = Release;
		};
/* End XCConfigurationList section */
	};
	rootObject = 60BC1B442FDDDC3100519F5A /* Project object */;
}
